Microsoft Visual Studio Solution File, Format Version 12.00
# Visual Studio 2012
Project("{FAE04EC0-301F-11D3-BF4B-00C04F79EFBC}") = "SPM Model Editor", "SPM Model Editor.csproj", "{DFE568ED-27E3-4CC1-A358-530BE24B6ACE}"
EndProject
Global
	GlobalSection(SolutionConfigurationPlatforms) = preSolution
	Debug|Any CPU = Debug|Any CPU
	ExportDebug|Any CPU = ExportDebug|Any CPU
	ExportRelease|Any CPU = ExportRelease|Any CPU
	EndGlobalSection
	GlobalSection(ProjectConfigurationPlatforms) = postSolution
		{DFE568ED-27E3-4CC1-A358-530BE24B6ACE}.Debug|Any CPU.ActiveCfg = Debug|Any CPU
		{DFE568ED-27E3-4CC1-A358-530BE24B6ACE}.Debug|Any CPU.Build.0 = Debug|Any CPU
		{DFE568ED-27E3-4CC1-A358-530BE24B6ACE}.ExportDebug|Any CPU.ActiveCfg = ExportDebug|Any CPU
		{DFE568ED-27E3-4CC1-A358-530BE24B6ACE}.ExportDebug|Any CPU.Build.0 = ExportDebug|Any CPU
		{DFE568ED-27E3-4CC1-A358-530BE24B6ACE}.ExportRelease|Any CPU.ActiveCfg = ExportRelease|Any CPU
		{DFE568ED-27E3-4CC1-A358-530BE24B6ACE}.ExportRelease|Any CPU.Build.0 = ExportRelease|Any CPU
	EndGlobalSection
EndGlobal
